github.com/BurntSushi/toml v0.3.1 h1:WXkYYl6Yr3qBf1K79EBnL4mak0OimBfB0XUf9Vl28OQ=
github.com/BurntSushi/toml v0.3.1/go.mod h1:xHWCNGjB5oqiDr8zfno3MHue2Ht5sIBksp03qcyfWMU=
github.com/PuerkitoBio/goquery v1.5.0 h1:uGvmFXOA73IKluu/F84Xd1tt/z07GYm8X49XKHP7EJk=
github.com/PuerkitoBio/goquery v1.5.0/go.mod h1:qD2PgZ9lccMbQlc7eEOjaeRlFQON7xY8kdmcsrnKqMg=
github.com/VojtechVitek/go-trello v0.0.0-20161023024849-28ebf2756ecc h1:vF1P0a6DTmkw1EojG7pldQdptBsKojPVdeO7+FY2h/4=
github.com/VojtechVitek/go-trello v0.0.0-20161023024849-28ebf2756ecc/go.mod h1:BIBj2dN164Zq98b0Znk7HAM8tZO4L2eN+ll9178jkRs=
github.com/andybalholm/cascadia v1.0.0 h1:hOCXnnZ5A+3eVDX8pvgl4kofXv2ELss0bKcqRySc45o=
github.com/andybalholm/cascadia v1.0.0/go.mod h1:GsXiBklL0woXo1j/WYWtSYYC4ouU9PqHO0sqidkEA4Y=
github.com/iGiant/go-slack_client v0.0.1 h1:k7aptVkA9YWASd9rbP9eodIHUFKDLm80tpPBbmk3FhU=
github.com/iGiant/go-slack_client v0.0.1/go.mod h1:tdI+zyu8LXmJMlvo839r8oH1/dSn7QnO8SSWCCl6wjA=
github.com/iGiant/proxies v0.0.5 h1:SDam/aElNV7i858bOmBKepE2dG/DVevFNqwyemqPD3k=
github.com/iGiant/proxies v0.0.5/go.mod h1:bNdV8Q5eZkAcB2caTfw9+hgV8ZUFY7EPBTNXi3JdLTo=
github.com/igiant/go-crypter v0.1.0 h1:mKlIZrSj7yqEzsw1hUpmEY5daBoMnGjxJ6/844YfYUs=
github.com/igiant/go-crypter v0.1.0/go.mod h1:+VXQqQsYukfcaFe2MuF+il2QyLcYmWI+TymVoxVcsWI=
github.com/igiant/go-send_mail v0.0.1 h1:DMEONRNWNncajhwzmcE5fy4HYI2CArpZv2y1ydNKqRw=
github.com/igiant/go-send_mail v0.0.1/go.mod h1:OTvlCofyDWJ7sjaEs5+dieG0NI8K2+bIuL09lIbFfDM=
golang.org/x/crypto v0.0.0-20190308221718-c2843e01d9a2/go.mod h1:djNgcEr1/C05ACkg1iLfiJU5Ep61QUkGW8qpdssI0+w=
golang.org/x/net v0.0.0-20180218175443-cbe0f9307d01/go.mod h1:mL1N/T3taQHkDXs73rZJwtUhF3w3ftmwwsq0BUmARs4=
golang.org/x/net v0.0.0-20181114220301-adae6a3d119a h1:gOpx8G595UYyvj8UK4+OFyY4rx037g3fmfhe5SasG3U=
golang.org/x/net v0.0.0-20181114220301-adae6a3d119a/go.mod h1:mL1N/T3taQHkDXs73rZJwtUhF3w3ftmwwsq0BUmARs4=
golang.org/x/net v0.0.0-20190311183353-d8887717615a h1:oWX7TPOiFAMXLq8o0ikBYfCJVlRHBcsciT5bXOrH628=
golang.org/x/net v0.0.0-20190311183353-d8887717615a/go.mod h1:t9HGtf8HONx5eT2rtn7q6eTqICYqUVnKs3thJo3Qplg=
golang.org/x/sys v0.0.0-20190215142949-d0b11bdaac8a/go.mod h1:STP8DvDyc/dI5b8T5hshtkjS+E42TnysNCUPdjciGhY=
golang.org/x/text v0.3.0/go.mod h1:NqM8EUOU14njkJ3fqMW+pc6Ldnwhi/IjpwHt7yyuwOQ=
